// !$*UTF8*$!
{
	archiveVersion = 1;
	classes = {
	};
	objectVersion = 48;
	objects = {

/* Begin PBXBuildFile section */
		5DA67BB72070247F00561E2E /* GameOverViewController.swift in Sources */ = {isa = PBXBuildFile; fileRef = 5DA67BB62070247F00561E2E /* GameOverViewController.swift */; };
		5DFCEC0F20819D000015367D /* AchievementsViewController.swift in Sources */ = {isa = PBXBuildFile; fileRef = 5DFCEC0E20819D000015367D /* AchievementsViewController.swift */; };
		721BF7152072CA4900B3BE20 /* Uranus.png in Resources */ = {isa = PBXBuildFile; fileRef = 721BF7132072CA4900B3BE20 /* Uranus.png */; };
		721BF7162072CA4900B3BE20 /* Jupiter.png in Resources */ = {isa = PBXBuildFile; fileRef = 721BF7142072CA4900B3BE20 /* Jupiter.png */; };
		721BF72420732FEA00B3BE20 /* Explosion.scnp in Resources */ = {isa = PBXBuildFile; fileRef = 721BF72320732FEA00B3BE20 /* Explosion.scnp */; };
		722D615820623C3100C99B3B /* MandroidBB.ttf in Resources */ = {isa = PBXBuildFile; fileRef = 722D615720623C3100C99B3B /* MandroidBB.ttf */; };
		722D616220624B1F00C99B3B /* Desktop in Resources */ = {isa = PBXBuildFile; fileRef = 722D616120624B1F00C99B3B /* Desktop */; };
		722D61682062CF3200C99B3B /* asteroidbelt.gif in Resources */ = {isa = PBXBuildFile; fileRef = 722D61672062CF3200C99B3B /* asteroidbelt.gif */; };
		724619A4206F072A007B4E25 /* earth.png in Resources */ = {isa = PBXBuildFile; fileRef = 724619A3206F072A007B4E25 /* earth.png */; };
		72648B8E2061A40C007034E8 /* fonts in Resources */ = {isa = PBXBuildFile; fileRef = 72648B8D2061A40C007034E8 /* fonts */; };
		72648B932061AACB007034E8 /* Info.plist in Resources */ = {isa = PBXBuildFile; fileRef = 82ACF42D2060752700EECB2F /* Info.plist */; };
		72648B952061AC1D007034E8 /* Frijole-Regular.ttf in Resources */ = {isa = PBXBuildFile; fileRef = 72648B942061AC1D007034E8 /* Frijole-Regular.ttf */; };
		729AF00C2074A8EA00D053A8 /* textureBlack.png in Resources */ = {isa = PBXBuildFile; fileRef = 729AF0082074A8DA00D053A8 /* textureBlack.png */; };
		729AF00D2074A8EA00D053A8 /* textureYellow.png in Resources */ = {isa = PBXBuildFile; fileRef = 729AF0092074A8DB00D053A8 /* textureYellow.png */; };
		729AF00E2074A8EA00D053A8 /* texturePurple.png in Resources */ = {isa = PBXBuildFile; fileRef = 729AF00A2074A8E100D053A8 /* texturePurple.png */; };
		729AF00F2074A8EA00D053A8 /* textureGreen.png in Resources */ = {isa = PBXBuildFile; fileRef = 729AF00B2074A8E600D053A8 /* textureGreen.png */; };
		821DB9C520854DED0004CCD8 /* MultiplayerGameViewController.swift in Sources */ = {isa = PBXBuildFile; fileRef = 821DB9C420854DED0004CCD8 /* MultiplayerGameViewController.swift */; };
		823C07822089258800B17826 /* AsteroidCoordinates.swift in Sources */ = {isa = PBXBuildFile; fileRef = 823C07812089258800B17826 /* AsteroidCoordinates.swift */; };
		823C07842089BC2E00B17826 /* MpGameOverViewController.swift in Sources */ = {isa = PBXBuildFile; fileRef = 823C07832089BC2E00B17826 /* MpGameOverViewController.swift */; };
		8297551D20758206005FD303 /* purpleShip.png in Resources */ = {isa = PBXBuildFile; fileRef = 8297551C20758205005FD303 /* purpleShip.png */; };
		8297551F2075821F005FD303 /* yellowShip.png in Resources */ = {isa = PBXBuildFile; fileRef = 8297551E2075821E005FD303 /* yellowShip.png */; };
		8297552120758229005FD303 /* greenShip.png in Resources */ = {isa = PBXBuildFile; fileRef = 8297552020758229005FD303 /* greenShip.png */; };
		8297552520758280005FD303 /* SettingsViewController.swift in Sources */ = {isa = PBXBuildFile; fileRef = 8297552420758280005FD303 /* SettingsViewController.swift */; };
		8297552720758504005FD303 /* MenuViewController.swift in Sources */ = {isa = PBXBuildFile; fileRef = 8297552620758504005FD303 /* MenuViewController.swift */; };
		8297552B20758D69005FD303 /* blackShip.png in Resources */ = {isa = PBXBuildFile; fileRef = 8297552A20758D67005FD303 /* blackShip.png */; };
		82A4DE8E2061BC1700AFCB1F /* LoginViewController.swift in Sources */ = {isa = PBXBuildFile; fileRef = 82A4DE8D2061BC1700AFCB1F /* LoginViewController.swift */; };
		82A4DE902061BC2700AFCB1F /* SignupViewController.swift in Sources */ = {isa = PBXBuildFile; fileRef = 82A4DE8F2061BC2700AFCB1F /* SignupViewController.swift */; };
		82ACF4202060752700EECB2F /* AppDelegate.swift in Sources */ = {isa = PBXBuildFile; fileRef = 82ACF41F2060752700EECB2F /* AppDelegate.swift */; };
		82ACF4222060752700EECB2F /* art.scnassets in Resources */ = {isa = PBXBuildFile; fileRef = 82ACF4212060752700EECB2F /* art.scnassets */; };
		82ACF4242060752700EECB2F /* GameViewController.swift in Sources */ = {isa = PBXBuildFile; fileRef = 82ACF4232060752700EECB2F /* GameViewController.swift */; };
		82ACF4272060752700EECB2F /* Main.storyboard in Resources */ = {isa = PBXBuildFile; fileRef = 82ACF4252060752700EECB2F /* Main.storyboard */; };
		82ACF4292060752700EECB2F /* Assets.xcassets in Resources */ = {isa = PBXBuildFile; fileRef = 82ACF4282060752700EECB2F /* Assets.xcassets */; };
		82ACF4372060752700EECB2F /* GalaxyRacerzTests.swift in Sources */ = {isa = PBXBuildFile; fileRef = 82ACF4362060752700EECB2F /* GalaxyRacerzTests.swift */; };
		82ACF4422060752800EECB2F /* GalaxyRacerzUITests.swift in Sources */ = {isa = PBXBuildFile; fileRef = 82ACF4412060752800EECB2F /* GalaxyRacerzUITests.swift */; };
		82ACF4502060799700EECB2F /* LoadScreenViewController.swift in Sources */ = {isa = PBXBuildFile; fileRef = 82ACF44F2060799700EECB2F /* LoadScreenViewController.swift */; };
/* End PBXBuildFile section */

/* Begin PBXContainerItemProxy section */
		82ACF4332060752700EECB2F /* PBXContainerItemProxy */ = {
			isa = PBXContainerItemProxy;
			containerPortal = 82ACF4142060752700EECB2F /* Project object */;
			proxyType = 1;
			remoteGlobalIDString = 82ACF41B2060752700EECB2F;
			remoteInfo = GalaxyRacerz;
		};
		82ACF43E2060752800EECB2F /* PBXContainerItemProxy */ = {
			isa = PBXContainerItemProxy;
			containerPortal = 82ACF4142060752700EECB2F /* Project object */;
			proxyType = 1;
			remoteGlobalIDString = 82ACF41B2060752700EECB2F;
			remoteInfo = GalaxyRacerz;
		};
/* End PBXContainerItemProxy section */

/* Begin PBXFileReference section */
		5DA67BB62070247F00561E2E /* GameOverViewController.swift */ = {isa = PBXFileReference; lastKnownFileType = sourcecode.swift; path = GameOverViewController.swift; sourceTree = "<group>"; };
		5DFCEC0E20819D000015367D /* AchievementsViewController.swift */ = {isa = PBXFileReference; lastKnownFileType = sourcecode.swift; path = AchievementsViewController.swift; sourceTree = "<group>"; };
		721BF7132072CA4900B3BE20 /* Uranus.png */ = {isa = PBXFileReference; lastKnownFileType = image.png; path = Uranus.png; sourceTree = "<group>"; };
		721BF7142072CA4900B3BE20 /* Jupiter.png */ = {isa = PBXFileReference; lastKnownFileType = image.png; path = Jupiter.png; sourceTree = "<group>"; };
		721BF72320732FEA00B3BE20 /* Explosion.scnp */ = {isa = PBXFileReference; lastKnownFileType = file.scp; path = Explosion.scnp; sourceTree = "<group>"; };
		722D615720623C3100C99B3B /* MandroidBB.ttf */ = {isa = PBXFileReference; lastKnownFileType = file; path = MandroidBB.ttf; sourceTree = "<group>"; };
		722D616120624B1F00C99B3B /* Desktop */ = {isa = PBXFileReference; lastKnownFileType = folder; path = Desktop; sourceTree = "<group>"; };
		722D61672062CF3200C99B3B /* asteroidbelt.gif */ = {isa = PBXFileReference; lastKnownFileType = image.gif; path = asteroidbelt.gif; sourceTree = "<group>"; };
		724619A3206F072A007B4E25 /* earth.png */ = {isa = PBXFileReference; lastKnownFileType = image.png; name = earth.png; path = GalaxyRacerz.xcodeproj/earth.png; sourceTree = "<group>"; };
		72648B8D2061A40C007034E8 /* fonts */ = {isa = PBXFileReference; lastKnownFileType = folder; path = fonts; sourceTree = "<group>"; };
		72648B942061AC1D007034E8 /* Frijole-Regular.ttf */ = {isa = PBXFileReference; lastKnownFileType = file; name = "Frijole-Regular.ttf"; path = "GalaxyRacerz/fonts/Frijole-Regular.ttf"; sourceTree = "<group>"; };
		729AF0082074A8DA00D053A8 /* textureBlack.png */ = {isa = PBXFileReference; lastKnownFileType = image.png; path = textureBlack.png; sourceTree = "<group>"; };
		729AF0092074A8DB00D053A8 /* textureYellow.png */ = {isa = PBXFileReference; lastKnownFileType = image.png; path = textureYellow.png; sourceTree = "<group>"; };
		729AF00A2074A8E100D053A8 /* texturePurple.png */ = {isa = PBXFileReference; lastKnownFileType = image.png; path = texturePurple.png; sourceTree = "<group>"; };
		729AF00B2074A8E600D053A8 /* textureGreen.png */ = {isa = PBXFileReference; lastKnownFileType = image.png; path = textureGreen.png; sourceTree = "<group>"; };
		821DB9C420854DED0004CCD8 /* MultiplayerGameViewController.swift */ = {isa = PBXFileReference; lastKnownFileType = sourcecode.swift; path = MultiplayerGameViewController.swift; sourceTree = "<group>"; };
		823C07812089258800B17826 /* AsteroidCoordinates.swift */ = {isa = PBXFileReference; lastKnownFileType = sourcecode.swift; path = AsteroidCoordinates.swift; sourceTree = "<group>"; };
		823C07832089BC2E00B17826 /* MpGameOverViewController.swift */ = {isa = PBXFileReference; lastKnownFileType = sourcecode.swift; path = MpGameOverViewController.swift; sourceTree = "<group>"; };
		8297551C20758205005FD303 /* purpleShip.png */ = {isa = PBXFileReference; lastKnownFileType = image.png; path = purpleShip.png; sourceTree = "<group>"; };
		8297551E2075821E005FD303 /* yellowShip.png */ = {isa = PBXFileReference; lastKnownFileType = image.png; path = yellowShip.png; sourceTree = "<group>"; };
		8297552020758229005FD303 /* greenShip.png */ = {isa = PBXFileReference; lastKnownFileType = image.png; path = greenShip.png; sourceTree = "<group>"; };
		8297552420758280005FD303 /* SettingsViewController.swift */ = {isa = PBXFileReference; lastKnownFileType = sourcecode.swift; path = SettingsViewController.swift; sourceTree = "<group>"; };
		8297552620758504005FD303 /* MenuViewController.swift */ = {isa = PBXFileReference; lastKnownFileType = sourcecode.swift; path = MenuViewController.swift; sourceTree = "<group>"; };
		8297552A20758D67005FD303 /* blackShip.png */ = {isa = PBXFileReference; lastKnownFileType = image.png; path = blackShip.png; sourceTree = "<group>"; };
		82A4DE8D2061BC1700AFCB1F /* LoginViewController.swift */ = {isa = PBXFileReference; lastKnownFileType = sourcecode.swift; path = LoginViewController.swift; sourceTree = "<group>"; };
		82A4DE8F2061BC2700AFCB1F /* SignupViewController.swift */ = {isa = PBXFileReference; lastKnownFileType = sourcecode.swift; path = SignupViewController.swift; sourceTree = "<group>"; };
		82ACF41C2060752700EECB2F /* GalaxyRacerz.app */ = {isa = PBXFileReference; explicitFileType = wrapper.application; includeInIndex = 0; path = GalaxyRacerz.app; sourceTree = BUILT_PRODUCTS_DIR; };
		82ACF41F2060752700EECB2F /* AppDelegate.swift */ = {isa = PBXFileReference; lastKnownFileType = sourcecode.swift; path = AppDelegate.swift; sourceTree = "<group>"; };
		82ACF4212060752700EECB2F /* art.scnassets */ = {isa = PBXFileReference; lastKnownFileType = wrapper.scnassets; path = art.scnassets; sourceTree = "<group>"; };
		82ACF4232060752700EECB2F /* GameViewController.swift */ = {isa = PBXFileReference; lastKnownFileType = sourcecode.swift; path = GameViewController.swift; sourceTree = "<group>"; };
		82ACF4262060752700EECB2F /* Base */ = {isa = PBXFileReference; lastKnownFileType = file.storyboard; name = Base; path = Base.lproj/Main.storyboard; sourceTree = "<group>"; };
		82ACF4282060752700EECB2F /* Assets.xcassets */ = {isa = PBXFileReference; lastKnownFileType = folder.assetcatalog; path = Assets.xcassets; sourceTree = "<group>"; };
		82ACF42D2060752700EECB2F /* Info.plist */ = {isa = PBXFileReference; lastKnownFileType = text.plist.xml; path = Info.plist; sourceTree = "<group>"; };
		82ACF4322060752700EECB2F /* GalaxyRacerzTests.xctest */ = {isa = PBXFileReference; explicitFileType = wrapper.cfbundle; includeInIndex = 0; path = GalaxyRacerzTests.xctest; sourceTree = BUILT_PRODUCTS_DIR; };
		82ACF4362060752700EECB2F /* GalaxyRacerzTests.swift */ = {isa = PBXFileReference; lastKnownFileType = sourcecode.swift; path = GalaxyRacerzTests.swift; sourceTree = "<group>"; };
		82ACF4382060752700EECB2F /* Info.plist */ = {isa = PBXFileReference; lastKnownFileType = text.plist.xml; path = Info.plist; sourceTree = "<group>"; };
		82ACF43D2060752800EECB2F /* GalaxyRacerzUITests.xctest */ = {isa = PBXFileReference; explicitFileType = wrapper.cfbundle; includeInIndex = 0; path = GalaxyRacerzUITests.xctest; sourceTree = BUILT_PRODUCTS_DIR; };
		82ACF4412060752800EECB2F /* GalaxyRacerzUITests.swift */ = {isa = PBXFileReference; lastKnownFileType = sourcecode.swift; path = GalaxyRacerzUITests.swift; sourceTree = "<group>"; };
		82ACF4432060752800EECB2F /* Info.plist */ = {isa = PBXFileReference; lastKnownFileType = text.plist.xml; path = Info.plist; sourceTree = "<group>"; };
		82ACF44F2060799700EECB2F /* LoadScreenViewController.swift */ = {isa = PBXFileReference; lastKnownFileType = sourcecode.swift; path = LoadScreenViewController.swift; sourceTree = "<group>"; };
/* End PBXFileReference section */

/* Begin PBXFrameworksBuildPhase section */
		82ACF4192060752700EECB2F /* Frameworks */ = {
			isa = PBXFrameworksBuildPhase;
			buildActionMask = 2147483647;
			files = (
			);
			runOnlyForDeploymentPostprocessing = 0;
		};
		82ACF42F2060752700EECB2F /* Frameworks */ = {
			isa = PBXFrameworksBuildPhase;
			buildActionMask = 2147483647;
			files = (
			);
			runOnlyForDeploymentPostprocessing = 0;
		};
		82ACF43A2060752800EECB2F /* Frameworks */ = {
			isa = PBXFrameworksBuildPhase;
			buildActionMask = 2147483647;
			files = (
			);
			runOnlyForDeploymentPostprocessing = 0;
		};
/* End PBXFrameworksBuildPhase section */

/* Begin PBXGroup section */
		82ACF4132060752700EECB2F = {
			isa = PBXGroup;
			children = (
				724619A3206F072A007B4E25 /* earth.png */,
				722D61672062CF3200C99B3B /* asteroidbelt.gif */,
				722D615720623C3100C99B3B /* MandroidBB.ttf */,
				72648B942061AC1D007034E8 /* Frijole-Regular.ttf */,
				82ACF41E2060752700EECB2F /* GalaxyRacerz */,
				82ACF4352060752700EECB2F /* GalaxyRacerzTests */,
				82ACF4402060752800EECB2F /* GalaxyRacerzUITests */,
				82ACF41D2060752700EECB2F /* Products */,
			);
			sourceTree = "<group>";
		};
		82ACF41D2060752700EECB2F /* Products */ = {
			isa = PBXGroup;
			children = (
				82ACF41C2060752700EECB2F /* GalaxyRacerz.app */,
				82ACF4322060752700EECB2F /* GalaxyRacerzTests.xctest */,
				82ACF43D2060752800EECB2F /* GalaxyRacerzUITests.xctest */,
			);
			name = Products;
			sourceTree = "<group>";
		};
		82ACF41E2060752700EECB2F /* GalaxyRacerz */ = {
			isa = PBXGroup;
			children = (
				82ACF41F2060752700EECB2F /* AppDelegate.swift */,
				82ACF4212060752700EECB2F /* art.scnassets */,
				82ACF4252060752700EECB2F /* Main.storyboard */,
				729AF0082074A8DA00D053A8 /* textureBlack.png */,
				8297552A20758D67005FD303 /* blackShip.png */,
				729AF00B2074A8E600D053A8 /* textureGreen.png */,
				8297552020758229005FD303 /* greenShip.png */,
				729AF00A2074A8E100D053A8 /* texturePurple.png */,
				8297551C20758205005FD303 /* purpleShip.png */,
				729AF0092074A8DB00D053A8 /* textureYellow.png */,
				8297551E2075821E005FD303 /* yellowShip.png */,
				722D616120624B1F00C99B3B /* Desktop */,
				82A4DE8D2061BC1700AFCB1F /* LoginViewController.swift */,
				8297552620758504005FD303 /* MenuViewController.swift */,
				8297552420758280005FD303 /* SettingsViewController.swift */,
				82A4DE8F2061BC2700AFCB1F /* SignupViewController.swift */,
				82ACF4232060752700EECB2F /* GameViewController.swift */,
				821DB9C420854DED0004CCD8 /* MultiplayerGameViewController.swift */,
				823C07832089BC2E00B17826 /* MpGameOverViewController.swift */,
				823C07812089258800B17826 /* AsteroidCoordinates.swift */,
				5DFCEC0E20819D000015367D /* AchievementsViewController.swift */,
				5DA67BB62070247F00561E2E /* GameOverViewController.swift */,
				721BF72320732FEA00B3BE20 /* Explosion.scnp */,
				721BF7142072CA4900B3BE20 /* Jupiter.png */,
				721BF7132072CA4900B3BE20 /* Uranus.png */,
				82ACF44F2060799700EECB2F /* LoadScreenViewController.swift */,
				82ACF4282060752700EECB2F /* Assets.xcassets */,
				82ACF42D2060752700EECB2F /* Info.plist */,
				72648B8D2061A40C007034E8 /* fonts */,
			);
			path = GalaxyRacerz;
			sourceTree = "<group>";
		};
		82ACF4352060752700EECB2F /* GalaxyRacerzTests */ = {
			isa = PBXGroup;
			children = (
				82ACF4362060752700EECB2F /* GalaxyRacerzTests.swift */,
				82ACF4382060752700EECB2F /* Info.plist */,
			);
			path = GalaxyRacerzTests;
			sourceTree = "<group>";
		};
		82ACF4402060752800EECB2F /* GalaxyRacerzUITests */ = {
			isa = PBXGroup;
			children = (
				82ACF4412060752800EECB2F /* GalaxyRacerzUITests.swift */,
				82ACF4432060752800EECB2F /* Info.plist */,
			);
			path = GalaxyRacerzUITests;
			sourceTree = "<group>";
		};
/* End PBXGroup section */

/* Begin PBXNativeTarget section */
		82ACF41B2060752700EECB2F /* GalaxyRacerz */ = {
			isa = PBXNativeTarget;
			buildConfigurationList = 82ACF4462060752800EECB2F /* Build configuration list for PBXNativeTarget "GalaxyRacerz" */;
			buildPhases = (
				82ACF4182060752700EECB2F /* Sources */,
				82ACF4192060752700EECB2F /* Frameworks */,
				82ACF41A2060752700EECB2F /* Resources */,
			);
			buildRules = (
			);
			dependencies = (
			);
			name = GalaxyRacerz;
			productName = GalaxyRacerz;
			productReference = 82ACF41C2060752700EECB2F /* GalaxyRacerz.app */;
			productType = "com.apple.product-type.application";
		};
		82ACF4312060752700EECB2F /* GalaxyRacerzTests */ = {
			isa = PBXNativeTarget;
			buildConfigurationList = 82ACF4492060752800EECB2F /* Build configuration list for PBXNativeTarget "GalaxyRacerzTests" */;
			buildPhases = (
				82ACF42E2060752700EECB2F /* Sources */,
				82ACF42F2060752700EECB2F /* Frameworks */,
				82ACF4302060752700EECB2F /* Resources */,
			);
			buildRules = (
			);
			dependencies = (
				82ACF4342060752700EECB2F /* PBXTargetDependency */,
			);
			name = GalaxyRacerzTests;
			productName = GalaxyRacerzTests;
			productReference = 82ACF4322060752700EECB2F /* GalaxyRacerzTests.xctest */;
			productType = "com.apple.product-type.bundle.unit-test";
		};
		82ACF43C2060752800EECB2F /* GalaxyRacerzUITests */ = {
			isa = PBXNativeTarget;
			buildConfigurationList = 82ACF44C2060752800EECB2F /* Build configuration list for PBXNativeTarget "GalaxyRacerzUITests" */;
			buildPhases = (
				82ACF4392060752800EECB2F /* Sources */,
				82ACF43A2060752800EECB2F /* Frameworks */,
				82ACF43B2060752800EECB2F /* Resources */,
			);
			buildRules = (
			);
			dependencies = (
				82ACF43F2060752800EECB2F /* PBXTargetDependency */,
			);
			name = GalaxyRacerzUITests;
			productName = GalaxyRacerzUITests;
			productReference = 82ACF43D2060752800EECB2F /* GalaxyRacerzUITests.xctest */;
			productType = "com.apple.product-type.bundle.ui-testing";
		};
/* End PBXNativeTarget section */

/* Begin PBXProject section */
		82ACF4142060752700EECB2F /* Project object */ = {
			isa = PBXProject;
			attributes = {
				LastSwiftUpdateCheck = 0920;
				LastUpgradeCheck = 0920;
				ORGANIZATIONNAME = patel;
				TargetAttributes = {
					82ACF41B2060752700EECB2F = {
						CreatedOnToolsVersion = 9.2;
						ProvisioningStyle = Automatic;
					};
					82ACF4312060752700EECB2F = {
						CreatedOnToolsVersion = 9.2;
						ProvisioningStyle = Automatic;
						TestTargetID = 82ACF41B2060752700EECB2F;
					};
					82ACF43C2060752800EECB2F = {
						CreatedOnToolsVersion = 9.2;
						ProvisioningStyle = Automatic;
						TestTargetID = 82ACF41B2060752700EECB2F;
					};
				};
			};
			buildConfigurationList = 82ACF4172060752700EECB2F /* Build configuration list for PBXProject "GalaxyRacerz" */;
			compatibilityVersion = "Xcode 8.0";
			developmentRegion = en;
			hasScannedForEncodings = 0;
			knownRegions = (
				en,
				Base,
			);
			mainGroup = 82ACF4132060752700EECB2F;
			productRefGroup = 82ACF41D2060752700EECB2F /* Products */;
			projectDirPath = "";
			projectRoot = "";
			targets = (
				82ACF41B2060752700EECB2F /* GalaxyRacerz */,
				82ACF4312060752700EECB2F /* GalaxyRacerzTests */,
				82ACF43C2060752800EECB2F /* GalaxyRacerzUITests */,
			);
		};
/* End PBXProject section */

/* Begin PBXResourcesBuildPhase section */
		82ACF41A2060752700EECB2F /* Resources */ = {
			isa = PBXResourcesBuildPhase;
			buildActionMask = 2147483647;
			files = (
				724619A4206F072A007B4E25 /* earth.png in Resources */,
				729AF00E2074A8EA00D053A8 /* texturePurple.png in Resources */,
				721BF72420732FEA00B3BE20 /* Explosion.scnp in Resources */,
				722D61682062CF3200C99B3B /* asteroidbelt.gif in Resources */,
				729AF00D2074A8EA00D053A8 /* textureYellow.png in Resources */,
				8297552120758229005FD303 /* greenShip.png in Resources */,
				722D615820623C3100C99B3B /* MandroidBB.ttf in Resources */,
				72648B952061AC1D007034E8 /* Frijole-Regular.ttf in Resources */,
				82ACF4222060752700EECB2F /* art.scnassets in Resources */,
				729AF00C2074A8EA00D053A8 /* textureBlack.png in Resources */,
				8297551F2075821F005FD303 /* yellowShip.png in Resources */,
				729AF00F2074A8EA00D053A8 /* textureGreen.png in Resources */,
				721BF7162072CA4900B3BE20 /* Jupiter.png in Resources */,
				82ACF4292060752700EECB2F /* Assets.xcassets in Resources */,
				82ACF4272060752700EECB2F /* Main.storyboard in Resources */,
				8297551D20758206005FD303 /* purpleShip.png in Resources */,
				721BF7152072CA4900B3BE20 /* Uranus.png in Resources */,
				72648B8E2061A40C007034E8 /* fonts in Resources */,
				722D616220624B1F00C99B3B /* Desktop in Resources */,
				8297552B20758D69005FD303 /* blackShip.png in Resources */,
				72648B932061AACB007034E8 /* Info.plist in Resources */,
			);
			runOnlyForDeploymentPostprocessing = 0;
		};
		82ACF4302060752700EECB2F /* Resources */ = {
			isa = PBXResourcesBuildPhase;
			buildActionMask = 2147483647;
			files = (
			);
			runOnlyForDeploymentPostprocessing = 0;
		};
		82ACF43B2060752800EECB2F /* Resources */ = {
			isa = PBXResourcesBuildPhase;
			buildActionMask = 2147483647;
			files = (
			);
			runOnlyForDeploymentPostprocessing = 0;
		};
/* End PBXResourcesBuildPhase section */

/* Begin PBXSourcesBuildPhase section */
		82ACF4182060752700EECB2F /* Sources */ = {
			isa = PBXSourcesBuildPhase;
			buildActionMask = 2147483647;
			files = (
				82A4DE8E2061BC1700AFCB1F /* LoginViewController.swift in Sources */,
				82ACF4242060752700EECB2F /* GameViewController.swift in Sources */,
				82A4DE902061BC2700AFCB1F /* SignupViewController.swift in Sources */,
				5DFCEC0F20819D000015367D /* AchievementsViewController.swift in Sources */,
				8297552720758504005FD303 /* MenuViewController.swift in Sources */,
				823C07822089258800B17826 /* AsteroidCoordinates.swift in Sources */,
				821DB9C520854DED0004CCD8 /* MultiplayerGameViewController.swift in Sources */,
				5DA67BB72070247F00561E2E /* GameOverViewController.swift in Sources */,
				82ACF4502060799700EECB2F /* LoadScreenViewController.swift in Sources */,
				823C07842089BC2E00B17826 /* MpGameOverViewController.swift in Sources */,
				82ACF4202060752700EECB2F /* AppDelegate.swift in Sources */,
				8297552520758280005FD303 /* SettingsViewController.swift in Sources */,
			);
			runOnlyForDeploymentPostprocessing = 0;
		};
		82ACF42E2060752700EECB2F /* Sources */ = {
			isa = PBXSourcesBuildPhase;
			buildActionMask = 2147483647;
			files = (
				82ACF4372060752700EECB2F /* GalaxyRacerzTests.swift in Sources */,
			);
			runOnlyForDeploymentPostprocessing = 0;
		};
		82ACF4392060752800EECB2F /* Sources */ = {
			isa = PBXSourcesBuildPhase;
			buildActionMask = 2147483647;
			files = (
				82ACF4422060752800EECB2F /* GalaxyRacerzUITests.swift in Sources */,
			);
			runOnlyForDeploymentPostprocessing = 0;
		};
/* End PBXSourcesBuildPhase section */

/* Begin PBXTargetDependency section */
		82ACF4342060752700EECB2F /* PBXTargetDependency */ = {
			isa = PBXTargetDependency;
			target = 82ACF41B2060752700EECB2F /* GalaxyRacerz */;
			targetProxy = 82ACF4332060752700EECB2F /* PBXContainerItemProxy */;
		};
		82ACF43F2060752800EECB2F /* PBXTargetDependency */ = {
			isa = PBXTargetDependency;
			target = 82ACF41B2060752700EECB2F /* GalaxyRacerz */;
			targetProxy = 82ACF43E2060752800EECB2F /* PBXContainerItemProxy */;
		};
/* End PBXTargetDependency section */

/* Begin PBXVariantGroup section */
		82ACF4252060752700EECB2F /* Main.storyboard */ = {
			isa = PBXVariantGroup;
			children = (
				82ACF4262060752700EECB2F /* Base */,
			);
			name = Main.storyboard;
			sourceTree = "<group>";
		};
/* End PBXVariantGroup section */

/* Begin XCBuildConfiguration section */
		82ACF4442060752800EECB2F /* Debug */ = {
			isa = XCBuildConfiguration;
			buildSettings = {
				ALWAYS_SEARCH_USER_PATHS = NO;
				CLANG_ANALYZER_NONNULL = YES;
				CLANG_ANALYZER_NUMBER_OBJECT_CONVERSION = YES_AGGRESSIVE;
				CLANG_CXX_LANGUAGE_STANDARD = "gnu++14";
				CLANG_CXX_LIBRARY = "libc++";
				CLANG_ENABLE_MODULES = YES;
				CLANG_ENABLE_OBJC_ARC = YES;
				CLANG_WARN_BLOCK_CAPTURE_AUTORELEASING = YES;
				CLANG_WARN_BOOL_CONVERSION = YES;
				CLANG_WARN_COMMA = YES;
				CLANG_WARN_CONSTANT_CONVERSION = YES;
				CLANG_WARN_DIRECT_OBJC_ISA_USAGE = YES_ERROR;
				CLANG_WARN_DOCUMENTATION_COMMENTS = YES;
				CLANG_WARN_EMPTY_BODY = YES;
				CLANG_WARN_ENUM_CONVERSION = YES;
				CLANG_WARN_INFINITE_RECURSION = YES;
				CLANG_WARN_INT_CONVERSION = YES;
				CLANG_WARN_NON_LITERAL_NULL_CONVERSION = YES;
				CLANG_WARN_OBJC_LITERAL_CONVERSION = YES;
				CLANG_WARN_OBJC_ROOT_CLASS = YES_ERROR;
				CLANG_WARN_RANGE_LOOP_ANALYSIS = YES;
				CLANG_WARN_STRICT_PROTOTYPES = YES;
				CLANG_WARN_SUSPICIOUS_MOVE = YES;
				CLANG_WARN_UNGUARDED_AVAILABILITY = YES_AGGRESSIVE;
				CLANG_WARN_UNREACHABLE_CODE = YES;
				CLANG_WARN__DUPLICATE_METHOD_MATCH = YES;
				CODE_SIGN_IDENTITY = "iPhone Developer";
				COPY_PHASE_STRIP = NO;
				DEBUG_INFORMATION_FORMAT = dwarf;
				ENABLE_STRICT_OBJC_MSGSEND = YES;
				ENABLE_TESTABILITY = YES;
				GCC_C_LANGUAGE_STANDARD = gnu11;
				GCC_DYNAMIC_NO_PIC = NO;
				GCC_NO_COMMON_BLOCKS = YES;
				GCC_OPTIMIZATION_LEVEL = 0;
				GCC_PREPROCESSOR_DEFINITIONS = (
					"DEBUG=1",
					"$(inherited)",
				);
				GCC_WARN_64_TO_32_BIT_CONVERSION = YES;
				GCC_WARN_ABOUT_RETURN_TYPE = YES_ERROR;
				GCC_WARN_UNDECLARED_SELECTOR = YES;
				GCC_WARN_UNINITIALIZED_AUTOS = YES_AGGRESSIVE;
				GCC_WARN_UNUSED_FUNCTION = YES;
				GCC_WARN_UNUSED_VARIABLE = YES;
				IPHONEOS_DEPLOYMENT_TARGET = 11.2;
				MTL_ENABLE_DEBUG_INFO = YES;
				ONLY_ACTIVE_ARCH = YES;
				SDKROOT = iphoneos;
				SWIFT_ACTIVE_COMPILATION_CONDITIONS = DEBUG;
				SWIFT_OPTIMIZATION_LEVEL = "-Onone";
			};
			name = Debug;
		};
		82ACF4452060752800EECB2F /* Release */ = {
			isa = XCBuildConfiguration;
			buildSettings = {
				ALWAYS_SEARCH_USER_PATHS = NO;
				CLANG_ANALYZER_NONNULL = YES;
				CLANG_ANALYZER_NUMBER_OBJECT_CONVERSION = YES_AGGRESSIVE;
				CLANG_CXX_LANGUAGE_STANDARD = "gnu++14";
				CLANG_CXX_LIBRARY = "libc++";
				CLANG_ENABLE_MODULES = YES;
				CLANG_ENABLE_OBJC_ARC = YES;
				CLANG_WARN_BLOCK_CAPTURE_AUTORELEASING = YES;
				CLANG_WARN_BOOL_CONVERSION = YES;
				CLANG_WARN_COMMA = YES;
				CLANG_WARN_CONSTANT_CONVERSION = YES;
				CLANG_WARN_DIRECT_OBJC_ISA_USAGE = YES_ERROR;
				CLANG_WARN_DOCUMENTATION_COMMENTS = YES;
				CLANG_WARN_EMPTY_BODY = YES;
				CLANG_WARN_ENUM_CONVERSION = YES;
				CLANG_WARN_INFINITE_RECURSION = YES;
				CLANG_WARN_INT_CONVERSION = YES;
				CLANG_WARN_NON_LITERAL_NULL_CONVERSION = YES;
				CLANG_WARN_OBJC_LITERAL_CONVERSION = YES;
				CLANG_WARN_OBJC_ROOT_CLASS = YES_ERROR;
				CLANG_WARN_RANGE_LOOP_ANALYSIS = YES;
				CLANG_WARN_STRICT_PROTOTYPES = YES;
				CLANG_WARN_SUSPICIOUS_MOVE = YES;
				CLANG_WARN_UNGUARDED_AVAILABILITY = YES_AGGRESSIVE;
				CLANG_WARN_UNREACHABLE_CODE = YES;
				CLANG_WARN__DUPLICATE_METHOD_MATCH = YES;
				CODE_SIGN_IDENTITY = "iPhone Developer";
				COPY_PHASE_STRIP = NO;
				DEBUG_INFORMATION_FORMAT = "dwarf-with-dsym";
				ENABLE_NS_ASSERTIONS = NO;
				ENABLE_STRICT_OBJC_MSGSEND = YES;
				GCC_C_LANGUAGE_STANDARD = gnu11;
				GCC_NO_COMMON_BLOCKS = YES;
				GCC_WARN_64_TO_32_BIT_CONVERSION = YES;
				GCC_WARN_ABOUT_RETURN_TYPE = YES_ERROR;
				GCC_WARN_UNDECLARED_SELECTOR = YES;
				GCC_WARN_UNINITIALIZED_AUTOS = YES_AGGRESSIVE;
				GCC_WARN_UNUSED_FUNCTION = YES;
				GCC_WARN_UNUSED_VARIABLE = YES;
				IPHONEOS_DEPLOYMENT_TARGET = 11.2;
				MTL_ENABLE_DEBUG_INFO = NO;
				SDKROOT = iphoneos;
				SWIFT_OPTIMIZATION_LEVEL = "-Owholemodule";
				VALIDATE_PRODUCT = YES;
			};
			name = Release;
		};
		82ACF4472060752800EECB2F /* Debug */ = {
			isa = XCBuildConfiguration;
			buildSettings = {
				ASSETCATALOG_COMPILER_APPICON_NAME = AppIcon;
				CODE_SIGN_STYLE = Automatic;
				DEVELOPMENT_TEAM = AKCZJ4NV64;
				INFOPLIST_FILE = GalaxyRacerz/Info.plist;
				LD_RUNPATH_SEARCH_PATHS = "$(inherited) @executable_path/Frameworks";
				PRODUCT_BUNDLE_IDENTIFIER = gslsxyyy;
				PRODUCT_NAME = "$(TARGET_NAME)";
				SWIFT_VERSION = 4.0;
				TARGETED_DEVICE_FAMILY = "1,2";
			};
			name = Debug;
		};
		82ACF4482060752800EECB2F /* Release */ = {
			isa = XCBuildConfiguration;
			buildSettings = {
				ASSETCATALOG_COMPILER_APPICON_NAME = AppIcon;
				CODE_SIGN_STYLE = Automatic;
				DEVELOPMENT_TEAM = AKCZJ4NV64;
				INFOPLIST_FILE = GalaxyRacerz/Info.plist;
				LD_RUNPATH_SEARCH_PATHS = "$(inherited) @executable_path/Frameworks";
				PRODUCT_BUNDLE_IDENTIFIER = gslsxyyy;
				PRODUCT_NAME = "$(TARGET_NAME)";
				SWIFT_VERSION = 4.0;
				TARGETED_DEVICE_FAMILY = "1,2";
			};
			name = Release;
		};
		82ACF44A2060752800EECB2F /* Debug */ = {
			isa = XCBuildConfiguration;
			buildSettings = {
				ALWAYS_EMBED_SWIFT_STANDARD_LIBRARIES = YES;
				BUNDLE_LOADER = "$(TEST_HOST)";
				CODE_SIGN_STYLE = Automatic;
				INFOPLIST_FILE = GalaxyRacerzTests/Info.plist;
				LD_RUNPATH_SEARCH_PATHS = "$(inherited) @executable_path/Frameworks @loader_path/Frameworks";
				PRODUCT_BUNDLE_IDENTIFIER = utcs.GalaxyRacerzTests;
				PRODUCT_NAME = "$(TARGET_NAME)";
				SWIFT_VERSION = 4.0;
				TARGETED_DEVICE_FAMILY = "1,2";
				TEST_HOST = "$(BUILT_PRODUCTS_DIR)/GalaxyRacerz.app/GalaxyRacerz";
			};
			name = Debug;
		};
		82ACF44B2060752800EECB2F /* Release */ = {
			isa = XCBuildConfiguration;
			buildSettings = {
				ALWAYS_EMBED_SWIFT_STANDARD_LIBRARIES = YES;
				BUNDLE_LOADER = "$(TEST_HOST)";
				CODE_SIGN_STYLE = Automatic;
				INFOPLIST_FILE = GalaxyRacerzTests/Info.plist;
				LD_RUNPATH_SEARCH_PATHS = "$(inherited) @executable_path/Frameworks @loader_path/Frameworks";
				PRODUCT_BUNDLE_IDENTIFIER = utcs.GalaxyRacerzTests;
				PRODUCT_NAME = "$(TARGET_NAME)";
				SWIFT_VERSION = 4.0;
				TARGETED_DEVICE_FAMILY = "1,2";
				TEST_HOST = "$(BUILT_PRODUCTS_DIR)/GalaxyRacerz.app/GalaxyRacerz";
			};
			name = Release;
		};
		82ACF44D2060752800EECB2F /* Debug */ = {
			isa = XCBuildConfiguration;
			buildSettings = {
				ALWAYS_EMBED_SWIFT_STANDARD_LIBRARIES = YES;
				CODE_SIGN_STYLE = Automatic;
				INFOPLIST_FILE = GalaxyRacerzUITests/Info.plist;
				LD_RUNPATH_SEARCH_PATHS = "$(inherited) @executable_path/Frameworks @loader_path/Frameworks";
				PRODUCT_BUNDLE_IDENTIFIER = utcs.GalaxyRacerzUITests;
				PRODUCT_NAME = "$(TARGET_NAME)";
				SWIFT_VERSION = 4.0;
				TARGETED_DEVICE_FAMILY = "1,2";
				TEST_TARGET_NAME = GalaxyRacerz;
			};
			name = Debug;
		};
		82ACF44E2060752800EECB2F /* Release */ = {
			isa = XCBuildConfiguration;
			buildSettings = {
				ALWAYS_EMBED_SWIFT_STANDARD_LIBRARIES = YES;
				CODE_SIGN_STYLE = Automatic;
				INFOPLIST_FILE = GalaxyRacerzUITests/Info.plist;
				LD_RUNPATH_SEARCH_PATHS = "$(inherited) @executable_path/Frameworks @loader_path/Frameworks";
				PRODUCT_BUNDLE_IDENTIFIER = utcs.GalaxyRacerzUITests;
				PRODUCT_NAME = "$(TARGET_NAME)";
				SWIFT_VERSION = 4.0;
				TARGETED_DEVICE_FAMILY = "1,2";
				TEST_TARGET_NAME = GalaxyRacerz;
			};
			name = Release;
		};
/* End XCBuildConfiguration section */

/* Begin XCConfigurationList section */
		82ACF4172060752700EECB2F /* Build configuration list for PBXProject "GalaxyRacerz" */ = {
			isa = XCConfigurationList;
			buildConfigurations = (
				82ACF4442060752800EECB2F /* Debug */,
				82ACF4452060752800EECB2F /* Release */,
			);
			defaultConfigurationIsVisible = 0;
			defaultConfigurationName = Release;
		};
		82ACF4462060752800EECB2F /* Build configuration list for PBXNativeTarget "GalaxyRacerz" */ = {
			isa = XCConfigurationList;
			buildConfigurations = (
				82ACF4472060752800EECB2F /* Debug */,
				82ACF4482060752800EECB2F /* Release */,
			);
			defaultConfigurationIsVisible = 0;
			defaultConfigurationName = Release;
		};
		82ACF4492060752800EECB2F /* Build configuration list for PBXNativeTarget "GalaxyRacerzTests" */ = {
			isa = XCConfigurationList;
			buildConfigurations = (
				82ACF44A2060752800EECB2F /* Debug */,
				82ACF44B2060752800EECB2F /* Release */,
			);
			defaultConfigurationIsVisible = 0;
			defaultConfigurationName = Release;
		};
		82ACF44C2060752800EECB2F /* Build configuration list for PBXNativeTarget "GalaxyRacerzUITests" */ = {
			isa = XCConfigurationList;
			buildConfigurations = (
				82ACF44D2060752800EECB2F /* Debug */,
				82ACF44E2060752800EECB2F /* Release */,
			);
			defaultConfigurationIsVisible = 0;
			defaultConfigurationName = Release;
		};
/* End XCConfigurationList section */
	};
	rootObject = 82ACF4142060752700EECB2F /* Project object */;
}
